
Microsoft Visual Studio Solution File, Format Version 12.00
# Visual Studio Version 17
VisualStudioVersion = 17.14.36623.8
MinimumVisualStudioVersion = 10.0.40219.1
Project("{2150E333-8FDC-42A3-9474-1A3956D46DE8}") = "Task0", "Task0", "{36D591C7-65C7-A0D1-1CBC-10CDE441BDC8}"
EndProject
Project("{2150E333-8FDC-42A3-9474-1A3956D46DE8}") = "Task1", "Task1", "{B9F820E0-5257-41AF-9586-E52469F5CFC4}"
EndProject
Project("{2150E333-8FDC-42A3-9474-1A3956D46DE8}") = "Task2", "Task2", "{539AAC21-A3FF-4953-AE3C-A47576BA0255}"
EndProject
Project("{2150E333-8FDC-42A3-9474-1A3956D46DE8}") = "Task3", "Task3", "{B9B191D2-88C7-481C-B741-DB9EE1A3A53D}"
EndProject
Project("{2150E333-8FDC-42A3-9474-1A3956D46DE8}") = "Task4", "Task4", "{C995F876-FD22-42DA-B948-F709C72F69E9}"
EndProject
Project("{2150E333-8FDC-42A3-9474-1A3956D46DE8}") = "Task5", "Task5", "{4753570B-3FA4-4C9D-8B90-C01F5E92EAE8}"
EndProject
Project("{2150E333-8FDC-42A3-9474-1A3956D46DE8}") = "Task6", "Task6", "{203C590F-D812-4D61-800B-D10F94870BC5}"
EndProject
Project("{2150E333-8FDC-42A3-9474-1A3956D46DE8}") = "Task7", "Task7", "{DF9D0DCC-4F0E-4D32-AEA0-9963806FD9A9}"
EndProject
Project("{FAE04EC0-301F-11D3-BF4B-00C04F79EFBC}") = "Tyuiu.PuzyrevIV.Sprint4.Task0.V16", "Tyuiu.PuzyrevIV.Sprint4.Task0.V16\Tyuiu.PuzyrevIV.Sprint4.Task0.V16.csproj", "{BB5C904B-9632-4D3C-B74B-4F794114BC95}"
EndProject
Project("{FAE04EC0-301F-11D3-BF4B-00C04F79EFBC}") = "Tyuiu.PuzyrevIV.Sprint4.Task0.V16.Lib", "Tyuiu.PuzyrevIV.Sprint4.Task0.V16.Lib\Tyuiu.PuzyrevIV.Sprint4.Task0.V16.Lib.csproj", "{1636B7A0-22E9-4C66-B37C-796C042595AE}"
EndProject
Project("{FAE04EC0-301F-11D3-BF4B-00C04F79EFBC}") = "Tyuiu.PuzyrevIV.Sprint4.Task0.V16.Test", "Tyuiu.PuzyrevIV.Sprint4.Task0.V16.Test\Tyuiu.PuzyrevIV.Sprint4.Task0.V16.Test.csproj", "{50E00E04-842E-4EA6-8B19-37EBFC2B8EC8}"
EndProject
Global
	GlobalSection(SolutionConfigurationPlatforms) = preSolution
		Debug|Any CPU = Debug|Any CPU
		Release|Any CPU = Release|Any CPU
	EndGlobalSection
	GlobalSection(ProjectConfigurationPlatforms) = postSolution
		{BB5C904B-9632-4D3C-B74B-4F794114BC95}.Debug|Any CPU.ActiveCfg = Debug|Any CPU
		{BB5C904B-9632-4D3C-B74B-4F794114BC95}.Debug|Any CPU.Build.0 = Debug|Any CPU
		{BB5C904B-9632-4D3C-B74B-4F794114BC95}.Release|Any CPU.ActiveCfg = Release|Any CPU
		{BB5C904B-9632-4D3C-B74B-4F794114BC95}.Release|Any CPU.Build.0 = Release|Any CPU
		{1636B7A0-22E9-4C66-B37C-796C042595AE}.Debug|Any CPU.ActiveCfg = Debug|Any CPU
		{1636B7A0-22E9-4C66-B37C-796C042595AE}.Debug|Any CPU.Build.0 = Debug|Any CPU
		{1636B7A0-22E9-4C66-B37C-796C042595AE}.Release|Any CPU.ActiveCfg = Release|Any CPU
		{1636B7A0-22E9-4C66-B37C-796C042595AE}.Release|Any CPU.Build.0 = Release|Any CPU
		{50E00E04-842E-4EA6-8B19-37EBFC2B8EC8}.Debug|Any CPU.ActiveCfg = Debug|Any CPU
		{50E00E04-842E-4EA6-8B19-37EBFC2B8EC8}.Debug|Any CPU.Build.0 = Debug|Any CPU
		{50E00E04-842E-4EA6-8B19-37EBFC2B8EC8}.Release|Any CPU.ActiveCfg = Release|Any CPU
		{50E00E04-842E-4EA6-8B19-37EBFC2B8EC8}.Release|Any CPU.Build.0 = Release|Any CPU
	EndGlobalSection
	GlobalSection(SolutionProperties) = preSolution
		HideSolutionNode = FALSE
	EndGlobalSection
	GlobalSection(NestedProjects) = preSolution
		{BB5C904B-9632-4D3C-B74B-4F794114BC95} = {36D591C7-65C7-A0D1-1CBC-10CDE441BDC8}
		{1636B7A0-22E9-4C66-B37C-796C042595AE} = {36D591C7-65C7-A0D1-1CBC-10CDE441BDC8}
		{50E00E04-842E-4EA6-8B19-37EBFC2B8EC8} = {36D591C7-65C7-A0D1-1CBC-10CDE441BDC8}
	EndGlobalSection
	GlobalSection(ExtensibilityGlobals) = postSolution
		SolutionGuid = {0CCD7DC9-56E0-4189-9138-6AB48E5CAA0B}
	EndGlobalSection
EndGlobal
